// !$*UTF8*$!
{
	archiveVersion = 1;
	classes = {
	};
	objectVersion = 56;
	objects = {

/* Begin PBXBuildFile section */
		6304F6EE2A5AB0070068C1C4 /* AVCapturePreviewView.swift in Sources */ = {isa = PBXBuildFile; fileRef = 6304F6ED2A5AB0070068C1C4 /* AVCapturePreviewView.swift */; };
		6304F6F02A5AC2410068C1C4 /* PhotoCaptureProcessor.swift in Sources */ = {isa = PBXBuildFile; fileRef = 6304F6EF2A5AC2410068C1C4 /* PhotoCaptureProcessor.swift */; };
		6305CD122A7BA27A001CF9C6 /* Localizable.strings in Resources */ = {isa = PBXBuildFile; fileRef = 6305CD142A7BA27A001CF9C6 /* Localizable.strings */; };
		6305CD182A7BAA49001CF9C6 /* SpecificationsViewController.swift in Sources */ = {isa = PBXBuildFile; fileRef = 6305CD172A7BAA49001CF9C6 /* SpecificationsViewController.swift */; };
		6305CD1A2A7BAB19001CF9C6 /* UIViewController+Extension.swift in Sources */ = {isa = PBXBuildFile; fileRef = 6305CD192A7BAB19001CF9C6 /* UIViewController+Extension.swift */; };
		6305CD1E2A7BAEAA001CF9C6 /* Language.swift in Sources */ = {isa = PBXBuildFile; fileRef = 6305CD1D2A7BAEAA001CF9C6 /* Language.swift */; };
		630642952A836E8400A918DE /* PermissionView.swift in Sources */ = {isa = PBXBuildFile; fileRef = 630642942A836E8400A918DE /* PermissionView.swift */; };
		630642982A838CD700A918DE /* User.swift in Sources */ = {isa = PBXBuildFile; fileRef = 630642962A838CD700A918DE /* User.swift */; };
		630642992A838CD700A918DE /* Store.swift in Sources */ = {isa = PBXBuildFile; fileRef = 630642972A838CD700A918DE /* Store.swift */; };
		6306429B2A83923800A918DE /* Notification+Extension.swift in Sources */ = {isa = PBXBuildFile; fileRef = 6306429A2A83923700A918DE /* Notification+Extension.swift */; };
		6306429D2A83926000A918DE /* UserDefaults+Extension.swift in Sources */ = {isa = PBXBuildFile; fileRef = 6306429C2A83926000A918DE /* UserDefaults+Extension.swift */; };
		6306429F2A83947500A918DE /* MembershipCell.swift in Sources */ = {isa = PBXBuildFile; fileRef = 6306429E2A83947500A918DE /* MembershipCell.swift */; };
		630642A22A83CFBA00A918DE /* WatermarkViewController.swift in Sources */ = {isa = PBXBuildFile; fileRef = 630642A12A83CFBA00A918DE /* WatermarkViewController.swift */; };
		630642A42A83D8DC00A918DE /* Settings.swift in Sources */ = {isa = PBXBuildFile; fileRef = 630642A32A83D8DC00A918DE /* Settings.swift */; };
		63102E4A2A716C39006C2FE9 /* AVCaptureVideoOrientation+Extension.swift in Sources */ = {isa = PBXBuildFile; fileRef = 63102E492A716C39006C2FE9 /* AVCaptureVideoOrientation+Extension.swift */; };
		63E112602A821FBD00F03A1E /* PhotoCaptureProcessor+WaterMark.swift in Sources */ = {isa = PBXBuildFile; fileRef = 63E1125F2A821FBD00F03A1E /* PhotoCaptureProcessor+WaterMark.swift */; };
		63ED89502A81480600EA1545 /* AttributedString+Extension.swift in Sources */ = {isa = PBXBuildFile; fileRef = 63ED894F2A81480600EA1545 /* AttributedString+Extension.swift */; };
		63F5E3332A72ACD8008CAA07 /* FocusView.swift in Sources */ = {isa = PBXBuildFile; fileRef = 63F5E3322A72ACD8008CAA07 /* FocusView.swift */; };
		63F5E3392A72B0F8008CAA07 /* MoreViewController.swift in Sources */ = {isa = PBXBuildFile; fileRef = 63F5E3382A72B0F8008CAA07 /* MoreViewController.swift */; };
		63F806A12A59ACCC00135630 /* AppDelegate.swift in Sources */ = {isa = PBXBuildFile; fileRef = 63F806A02A59ACCC00135630 /* AppDelegate.swift */; };
		63F806A32A59ACCC00135630 /* SceneDelegate.swift in Sources */ = {isa = PBXBuildFile; fileRef = 63F806A22A59ACCC00135630 /* SceneDelegate.swift */; };
		63F806A52A59ACCC00135630 /* CameraViewController.swift in Sources */ = {isa = PBXBuildFile; fileRef = 63F806A42A59ACCC00135630 /* CameraViewController.swift */; };
		63F806AA2A59ACCD00135630 /* Assets.xcassets in Resources */ = {isa = PBXBuildFile; fileRef = 63F806A92A59ACCD00135630 /* Assets.xcassets */; };
		63F806AD2A59ACCD00135630 /* LaunchScreen.storyboard in Resources */ = {isa = PBXBuildFile; fileRef = 63F806AB2A59ACCD00135630 /* LaunchScreen.storyboard */; };
		63F806B82A59ACCD00135630 /* moontakeTests.swift in Sources */ = {isa = PBXBuildFile; fileRef = 63F806B72A59ACCD00135630 /* moontakeTests.swift */; };
		63F806C22A59ACCD00135630 /* moontakeUITests.swift in Sources */ = {isa = PBXBuildFile; fileRef = 63F806C12A59ACCD00135630 /* moontakeUITests.swift */; };
		63F806C42A59ACCD00135630 /* moontakeUITestsLaunchTests.swift in Sources */ = {isa = PBXBuildFile; fileRef = 63F806C32A59ACCD00135630 /* moontakeUITestsLaunchTests.swift */; };
		63F806D12A59ADC700135630 /* UIColor+Extension.swift in Sources */ = {isa = PBXBuildFile; fileRef = 63F806D02A59ADC700135630 /* UIColor+Extension.swift */; };
		63F806D42A59BA8E00135630 /* SnapKit in Frameworks */ = {isa = PBXBuildFile; productRef = 63F806D32A59BA8E00135630 /* SnapKit */; };
		63FDEA302A7CF97E002E02C2 /* Mooninfo.xcframework in Frameworks */ = {isa = PBXBuildFile; fileRef = 63FDEA2F2A7CF97E002E02C2 /* Mooninfo.xcframework */; };
		63FDEA322A7D01CD002E02C2 /* MoonManager.swift in Sources */ = {isa = PBXBuildFile; fileRef = 63FDEA312A7D01CD002E02C2 /* MoonManager.swift */; };
		63FE1DF22A75579500D31B04 /* String+Extension.swift in Sources */ = {isa = PBXBuildFile; fileRef = 63FE1DF12A75579500D31B04 /* String+Extension.swift */; };
		63FF94192A84E4C100FD5689 /* InfoPlist.strings in Resources */ = {isa = PBXBuildFile; fileRef = 63FF941B2A84E4C100FD5689 /* InfoPlist.strings */; };
		63FF94212A851B2000FD5689 /* AppCell.swift in Sources */ = {isa = PBXBuildFile; fileRef = 63FF94202A851B2000FD5689 /* AppCell.swift */; };
/* End PBXBuildFile section */

/* Begin PBXContainerItemProxy section */
		63F806B42A59ACCD00135630 /* PBXContainerItemProxy */ = {
			isa = PBXContainerItemProxy;
			containerPortal = 63F806952A59ACCC00135630 /* Project object */;
			proxyType = 1;
			remoteGlobalIDString = 63F8069C2A59ACCC00135630;
			remoteInfo = moontake;
		};
		63F806BE2A59ACCD00135630 /* PBXContainerItemProxy */ = {
			isa = PBXContainerItemProxy;
			containerPortal = 63F806952A59ACCC00135630 /* Project object */;
			proxyType = 1;
			remoteGlobalIDString = 63F8069C2A59ACCC00135630;
			remoteInfo = moontake;
		};
/* End PBXContainerItemProxy section */

/* Begin PBXFileReference section */
		6304F6ED2A5AB0070068C1C4 /* AVCapturePreviewView.swift */ = {isa = PBXFileReference; lastKnownFileType = sourcecode.swift; path = AVCapturePreviewView.swift; sourceTree = "<group>"; };
		6304F6EF2A5AC2410068C1C4 /* PhotoCaptureProcessor.swift */ = {isa = PBXFileReference; fileEncoding = 4; lastKnownFileType = sourcecode.swift; path = PhotoCaptureProcessor.swift; sourceTree = "<group>"; };
		6305CD102A7BA257001CF9C6 /* zh-Hans */ = {isa = PBXFileReference; lastKnownFileType = text.plist.strings; name = "zh-Hans"; path = "zh-Hans.lproj/LaunchScreen.strings"; sourceTree = "<group>"; };
		6305CD112A7BA261001CF9C6 /* zh-Hant */ = {isa = PBXFileReference; lastKnownFileType = text.plist.strings; name = "zh-Hant"; path = "zh-Hant.lproj/LaunchScreen.strings"; sourceTree = "<group>"; };
		6305CD132A7BA27A001CF9C6 /* en */ = {isa = PBXFileReference; lastKnownFileType = text.plist.strings; name = en; path = en.lproj/Localizable.strings; sourceTree = "<group>"; };
		6305CD152A7BA27D001CF9C6 /* zh-Hans */ = {isa = PBXFileReference; lastKnownFileType = text.plist.strings; name = "zh-Hans"; path = "zh-Hans.lproj/Localizable.strings"; sourceTree = "<group>"; };
		6305CD162A7BA27E001CF9C6 /* zh-Hant */ = {isa = PBXFileReference; lastKnownFileType = text.plist.strings; name = "zh-Hant"; path = "zh-Hant.lproj/Localizable.strings"; sourceTree = "<group>"; };
		6305CD172A7BAA49001CF9C6 /* SpecificationsViewController.swift */ = {isa = PBXFileReference; fileEncoding = 4; lastKnownFileType = sourcecode.swift; path = SpecificationsViewController.swift; sourceTree = "<group>"; };
		6305CD192A7BAB19001CF9C6 /* UIViewController+Extension.swift */ = {isa = PBXFileReference; lastKnownFileType = sourcecode.swift; path = "UIViewController+Extension.swift"; sourceTree = "<group>"; };
		6305CD1B2A7BAE39001CF9C6 /* zh-HK */ = {isa = PBXFileReference; lastKnownFileType = text.plist.strings; name = "zh-HK"; path = "zh-HK.lproj/LaunchScreen.strings"; sourceTree = "<group>"; };
		6305CD1C2A7BAE3A001CF9C6 /* zh-HK */ = {isa = PBXFileReference; lastKnownFileType = text.plist.strings; name = "zh-HK"; path = "zh-HK.lproj/Localizable.strings"; sourceTree = "<group>"; };
		6305CD1D2A7BAEAA001CF9C6 /* Language.swift */ = {isa = PBXFileReference; fileEncoding = 4; lastKnownFileType = sourcecode.swift; path = Language.swift; sourceTree = "<group>"; };
		630642942A836E8400A918DE /* PermissionView.swift */ = {isa = PBXFileReference; lastKnownFileType = sourcecode.swift; path = PermissionView.swift; sourceTree = "<group>"; };
		630642962A838CD700A918DE /* User.swift */ = {isa = PBXFileReference; fileEncoding = 4; lastKnownFileType = sourcecode.swift; path = User.swift; sourceTree = "<group>"; };
		630642972A838CD700A918DE /* Store.swift */ = {isa = PBXFileReference; fileEncoding = 4; lastKnownFileType = sourcecode.swift; path = Store.swift; sourceTree = "<group>"; };
		6306429A2A83923700A918DE /* Notification+Extension.swift */ = {isa = PBXFileReference; fileEncoding = 4; lastKnownFileType = sourcecode.swift; path = "Notification+Extension.swift"; sourceTree = "<group>"; };
		6306429C2A83926000A918DE /* UserDefaults+Extension.swift */ = {isa = PBXFileReference; fileEncoding = 4; lastKnownFileType = sourcecode.swift; path = "UserDefaults+Extension.swift"; sourceTree = "<group>"; };
		6306429E2A83947500A918DE /* MembershipCell.swift */ = {isa = PBXFileReference; lastKnownFileType = sourcecode.swift; path = MembershipCell.swift; sourceTree = "<group>"; };
		630642A12A83CFBA00A918DE /* WatermarkViewController.swift */ = {isa = PBXFileReference; lastKnownFileType = sourcecode.swift; path = WatermarkViewController.swift; sourceTree = "<group>"; };
		630642A32A83D8DC00A918DE /* Settings.swift */ = {isa = PBXFileReference; lastKnownFileType = sourcecode.swift; path = Settings.swift; sourceTree = "<group>"; };
		63102E492A716C39006C2FE9 /* AVCaptureVideoOrientation+Extension.swift */ = {isa = PBXFileReference; lastKnownFileType = sourcecode.swift; path = "AVCaptureVideoOrientation+Extension.swift"; sourceTree = "<group>"; };
		63E1125F2A821FBD00F03A1E /* PhotoCaptureProcessor+WaterMark.swift */ = {isa = PBXFileReference; lastKnownFileType = sourcecode.swift; path = "PhotoCaptureProcessor+WaterMark.swift"; sourceTree = "<group>"; };
		63ED894F2A81480600EA1545 /* AttributedString+Extension.swift */ = {isa = PBXFileReference; lastKnownFileType = sourcecode.swift; path = "AttributedString+Extension.swift"; sourceTree = "<group>"; };
		63F5E3322A72ACD8008CAA07 /* FocusView.swift */ = {isa = PBXFileReference; lastKnownFileType = sourcecode.swift; path = FocusView.swift; sourceTree = "<group>"; };
		63F5E3382A72B0F8008CAA07 /* MoreViewController.swift */ = {isa = PBXFileReference; lastKnownFileType = sourcecode.swift; path = MoreViewController.swift; sourceTree = "<group>"; };
		63F8069D2A59ACCC00135630 /* moontake.app */ = {isa = PBXFileReference; explicitFileType = wrapper.application; includeInIndex = 0; path = moontake.app; sourceTree = BUILT_PRODUCTS_DIR; };
		63F806A02A59ACCC00135630 /* AppDelegate.swift */ = {isa = PBXFileReference; lastKnownFileType = sourcecode.swift; path = AppDelegate.swift; sourceTree = "<group>"; };
		63F806A22A59ACCC00135630 /* SceneDelegate.swift */ = {isa = PBXFileReference; lastKnownFileType = sourcecode.swift; path = SceneDelegate.swift; sourceTree = "<group>"; };
		63F806A42A59ACCC00135630 /* CameraViewController.swift */ = {isa = PBXFileReference; lastKnownFileType = sourcecode.swift; path = CameraViewController.swift; sourceTree = "<group>"; };
		63F806A92A59ACCD00135630 /* Assets.xcassets */ = {isa = PBXFileReference; lastKnownFileType = folder.assetcatalog; path = Assets.xcassets; sourceTree = "<group>"; };
		63F806AC2A59ACCD00135630 /* Base */ = {isa = PBXFileReference; lastKnownFileType = file.storyboard; name = Base; path = Base.lproj/LaunchScreen.storyboard; sourceTree = "<group>"; };
		63F806AE2A59ACCD00135630 /* Info.plist */ = {isa = PBXFileReference; lastKnownFileType = text.plist.xml; path = Info.plist; sourceTree = "<group>"; };
		63F806B32A59ACCD00135630 /* moontakeTests.xctest */ = {isa = PBXFileReference; explicitFileType = wrapper.cfbundle; includeInIndex = 0; path = moontakeTests.xctest; sourceTree = BUILT_PRODUCTS_DIR; };
		63F806B72A59ACCD00135630 /* moontakeTests.swift */ = {isa = PBXFileReference; lastKnownFileType = sourcecode.swift; path = moontakeTests.swift; sourceTree = "<group>"; };
		63F806BD2A59ACCD00135630 /* moontakeUITests.xctest */ = {isa = PBXFileReference; explicitFileType = wrapper.cfbundle; includeInIndex = 0; path = moontakeUITests.xctest; sourceTree = BUILT_PRODUCTS_DIR; };
		63F806C12A59ACCD00135630 /* moontakeUITests.swift */ = {isa = PBXFileReference; lastKnownFileType = sourcecode.swift; path = moontakeUITests.swift; sourceTree = "<group>"; };
		63F806C32A59ACCD00135630 /* moontakeUITestsLaunchTests.swift */ = {isa = PBXFileReference; lastKnownFileType = sourcecode.swift; path = moontakeUITestsLaunchTests.swift; sourceTree = "<group>"; };
		63F806D02A59ADC700135630 /* UIColor+Extension.swift */ = {isa = PBXFileReference; lastKnownFileType = sourcecode.swift; path = "UIColor+Extension.swift"; sourceTree = "<group>"; };
		63FDEA2F2A7CF97E002E02C2 /* Mooninfo.xcframework */ = {isa = PBXFileReference; lastKnownFileType = wrapper.xcframework; path = Mooninfo.xcframework; sourceTree = "<group>"; };
		63FDEA312A7D01CD002E02C2 /* MoonManager.swift */ = {isa = PBXFileReference; lastKnownFileType = sourcecode.swift; path = MoonManager.swift; sourceTree = "<group>"; };
		63FE1DF12A75579500D31B04 /* String+Extension.swift */ = {isa = PBXFileReference; fileEncoding = 4; lastKnownFileType = sourcecode.swift; path = "String+Extension.swift"; sourceTree = "<group>"; };
		63FF941A2A84E4C100FD5689 /* en */ = {isa = PBXFileReference; lastKnownFileType = text.plist.strings; name = en; path = en.lproj/InfoPlist.strings; sourceTree = "<group>"; };
		63FF941D2A84E4C600FD5689 /* zh-Hans */ = {isa = PBXFileReference; lastKnownFileType = text.plist.strings; name = "zh-Hans"; path = "zh-Hans.lproj/InfoPlist.strings"; sourceTree = "<group>"; };
		63FF941E2A84E4C700FD5689 /* zh-Hant */ = {isa = PBXFileReference; lastKnownFileType = text.plist.strings; name = "zh-Hant"; path = "zh-Hant.lproj/InfoPlist.strings"; sourceTree = "<group>"; };
		63FF941F2A84E4E700FD5689 /* zh-HK */ = {isa = PBXFileReference; lastKnownFileType = text.plist.strings; name = "zh-HK"; path = "zh-HK.lproj/InfoPlist.strings"; sourceTree = "<group>"; };
		63FF94202A851B2000FD5689 /* AppCell.swift */ = {isa = PBXFileReference; lastKnownFileType = sourcecode.swift; path = AppCell.swift; sourceTree = "<group>"; };
/* End PBXFileReference section */

/* Begin PBXFrameworksBuildPhase section */
		63F8069A2A59ACCC00135630 /* Frameworks */ = {
			isa = PBXFrameworksBuildPhase;
			buildActionMask = 2147483647;
			files = (
				63FDEA302A7CF97E002E02C2 /* Mooninfo.xcframework in Frameworks */,
				63F806D42A59BA8E00135630 /* SnapKit in Frameworks */,
			);
			runOnlyForDeploymentPostprocessing = 0;
		};
		63F806B02A59ACCD00135630 /* Frameworks */ = {
			isa = PBXFrameworksBuildPhase;
			buildActionMask = 2147483647;
			files = (
			);
			runOnlyForDeploymentPostprocessing = 0;
		};
		63F806BA2A59ACCD00135630 /* Frameworks */ = {
			isa = PBXFrameworksBuildPhase;
			buildActionMask = 2147483647;
			files = (
			);
			runOnlyForDeploymentPostprocessing = 0;
		};
/* End PBXFrameworksBuildPhase section */

/* Begin PBXGroup section */
		6305CD1F2A7BAEC2001CF9C6 /* Manager */ = {
			isa = PBXGroup;
			children = (
				630642972A838CD700A918DE /* Store.swift */,
				630642962A838CD700A918DE /* User.swift */,
				6305CD1D2A7BAEAA001CF9C6 /* Language.swift */,
				630642A32A83D8DC00A918DE /* Settings.swift */,
			);
			path = Manager;
			sourceTree = "<group>";
		};
		630642A02A83948300A918DE /* View */ = {
			isa = PBXGroup;
			children = (
				6306429E2A83947500A918DE /* MembershipCell.swift */,
				63FF94202A851B2000FD5689 /* AppCell.swift */,
			);
			path = View;
			sourceTree = "<group>";
		};
		63F5E3342A72ADC0008CAA07 /* Extension */ = {
			isa = PBXGroup;
			children = (
				63FE1DF12A75579500D31B04 /* String+Extension.swift */,
				63ED894F2A81480600EA1545 /* AttributedString+Extension.swift */,
				63F806D02A59ADC700135630 /* UIColor+Extension.swift */,
				6306429A2A83923700A918DE /* Notification+Extension.swift */,
				6306429C2A83926000A918DE /* UserDefaults+Extension.swift */,
				63102E492A716C39006C2FE9 /* AVCaptureVideoOrientation+Extension.swift */,
				6305CD192A7BAB19001CF9C6 /* UIViewController+Extension.swift */,
			);
			path = Extension;
			sourceTree = "<group>";
		};
		63F5E3352A72ADD6008CAA07 /* Camera */ = {
			isa = PBXGroup;
			children = (
				63F5E3372A72ADFA008CAA07 /* Controller */,
				63F5E3362A72ADE9008CAA07 /* View */,
			);
			path = Camera;
			sourceTree = "<group>";
		};
		63F5E3362A72ADE9008CAA07 /* View */ = {
			isa = PBXGroup;
			children = (
				63F5E3322A72ACD8008CAA07 /* FocusView.swift */,
				6304F6ED2A5AB0070068C1C4 /* AVCapturePreviewView.swift */,
				630642942A836E8400A918DE /* PermissionView.swift */,
			);
			path = View;
			sourceTree = "<group>";
		};
		63F5E3372A72ADFA008CAA07 /* Controller */ = {
			isa = PBXGroup;
			children = (
				63F806A42A59ACCC00135630 /* CameraViewController.swift */,
				6304F6EF2A5AC2410068C1C4 /* PhotoCaptureProcessor.swift */,
				63E1125F2A821FBD00F03A1E /* PhotoCaptureProcessor+WaterMark.swift */,
			);
			path = Controller;
			sourceTree = "<group>";
		};
		63F5E33A2A72B108008CAA07 /* More */ = {
			isa = PBXGroup;
			children = (
				6305CD1F2A7BAEC2001CF9C6 /* Manager */,
				63F5E33B2A72B144008CAA07 /* Controller */,
				630642A02A83948300A918DE /* View */,
			);
			path = More;
			sourceTree = "<group>";
		};
		63F5E33B2A72B144008CAA07 /* Controller */ = {
			isa = PBXGroup;
			children = (
				63F5E3382A72B0F8008CAA07 /* MoreViewController.swift */,
				630642A12A83CFBA00A918DE /* WatermarkViewController.swift */,
				6305CD172A7BAA49001CF9C6 /* SpecificationsViewController.swift */,
			);
			path = Controller;
			sourceTree = "<group>";
		};
		63F806942A59ACCC00135630 = {
			isa = PBXGroup;
			children = (
				63F8069F2A59ACCC00135630 /* moontake */,
				63F806B62A59ACCD00135630 /* moontakeTests */,
				63F806C02A59ACCD00135630 /* moontakeUITests */,
				63F8069E2A59ACCC00135630 /* Products */,
			);
			sourceTree = "<group>";
		};
		63F8069E2A59ACCC00135630 /* Products */ = {
			isa = PBXGroup;
			children = (
				63F8069D2A59ACCC00135630 /* moontake.app */,
				63F806B32A59ACCD00135630 /* moontakeTests.xctest */,
				63F806BD2A59ACCD00135630 /* moontakeUITests.xctest */,
			);
			name = Products;
			sourceTree = "<group>";
		};
		63F8069F2A59ACCC00135630 /* moontake */ = {
			isa = PBXGroup;
			children = (
				63F806A02A59ACCC00135630 /* AppDelegate.swift */,
				63F806A22A59ACCC00135630 /* SceneDelegate.swift */,
				63FDEA332A7D01D2002E02C2 /* Moon */,
				63F5E3352A72ADD6008CAA07 /* Camera */,
				63F5E33A2A72B108008CAA07 /* More */,
				63F5E3342A72ADC0008CAA07 /* Extension */,
				63F806A92A59ACCD00135630 /* Assets.xcassets */,
				63FDEA2F2A7CF97E002E02C2 /* Mooninfo.xcframework */,
				63F806AB2A59ACCD00135630 /* LaunchScreen.storyboard */,
				63F806AE2A59ACCD00135630 /* Info.plist */,
				63FF941B2A84E4C100FD5689 /* InfoPlist.strings */,
				6305CD142A7BA27A001CF9C6 /* Localizable.strings */,
			);
			path = moontake;
			sourceTree = "<group>";
		};
		63F806B62A59ACCD00135630 /* moontakeTests */ = {
			isa = PBXGroup;
			children = (
				63F806B72A59ACCD00135630 /* moontakeTests.swift */,
			);
			path = moontakeTests;
			sourceTree = "<group>";
		};
		63F806C02A59ACCD00135630 /* moontakeUITests */ = {
			isa = PBXGroup;
			children = (
				63F806C12A59ACCD00135630 /* moontakeUITests.swift */,
				63F806C32A59ACCD00135630 /* moontakeUITestsLaunchTests.swift */,
			);
			path = moontakeUITests;
			sourceTree = "<group>";
		};
		63FDEA332A7D01D2002E02C2 /* Moon */ = {
			isa = PBXGroup;
			children = (
				63FDEA312A7D01CD002E02C2 /* MoonManager.swift */,
			);
			path = Moon;
			sourceTree = "<group>";
		};
/* End PBXGroup section */

/* Begin PBXNativeTarget section */
		63F8069C2A59ACCC00135630 /* moontake */ = {
			isa = PBXNativeTarget;
			buildConfigurationList = 63F806C72A59ACCD00135630 /* Build configuration list for PBXNativeTarget "moontake" */;
			buildPhases = (
				63F806992A59ACCC00135630 /* Sources */,
				63F8069A2A59ACCC00135630 /* Frameworks */,
				63F8069B2A59ACCC00135630 /* Resources */,
			);
			buildRules = (
			);
			dependencies = (
			);
			name = moontake;
			packageProductDependencies = (
				63F806D32A59BA8E00135630 /* SnapKit */,
			);
			productName = moontake;
			productReference = 63F8069D2A59ACCC00135630 /* moontake.app */;
			productType = "com.apple.product-type.application";
		};
		63F806B22A59ACCD00135630 /* moontakeTests */ = {
			isa = PBXNativeTarget;
			buildConfigurationList = 63F806CA2A59ACCD00135630 /* Build configuration list for PBXNativeTarget "moontakeTests" */;
			buildPhases = (
				63F806AF2A59ACCD00135630 /* Sources */,
				63F806B02A59ACCD00135630 /* Frameworks */,
				63F806B12A59ACCD00135630 /* Resources */,
			);
			buildRules = (
			);
			dependencies = (
				63F806B52A59ACCD00135630 /* PBXTargetDependency */,
			);
			name = moontakeTests;
			productName = moontakeTests;
			productReference = 63F806B32A59ACCD00135630 /* moontakeTests.xctest */;
			productType = "com.apple.product-type.bundle.unit-test";
		};
		63F806BC2A59ACCD00135630 /* moontakeUITests */ = {
			isa = PBXNativeTarget;
			buildConfigurationList = 63F806CD2A59ACCD00135630 /* Build configuration list for PBXNativeTarget "moontakeUITests" */;
			buildPhases = (
				63F806B92A59ACCD00135630 /* Sources */,
				63F806BA2A59ACCD00135630 /* Frameworks */,
				63F806BB2A59ACCD00135630 /* Resources */,
			);
			buildRules = (
			);
			dependencies = (
				63F806BF2A59ACCD00135630 /* PBXTargetDependency */,
			);
			name = moontakeUITests;
			productName = moontakeUITests;
			productReference = 63F806BD2A59ACCD00135630 /* moontakeUITests.xctest */;
			productType = "com.apple.product-type.bundle.ui-testing";
		};
/* End PBXNativeTarget section */

/* Begin PBXProject section */
		63F806952A59ACCC00135630 /* Project object */ = {
			isa = PBXProject;
			attributes = {
				BuildIndependentTargetsInParallel = 1;
				LastSwiftUpdateCheck = 1430;
				LastUpgradeCheck = 1430;
				TargetAttributes = {
					63F8069C2A59ACCC00135630 = {
						CreatedOnToolsVersion = 14.3.1;
					};
					63F806B22A59ACCD00135630 = {
						CreatedOnToolsVersion = 14.3.1;
						TestTargetID = 63F8069C2A59ACCC00135630;
					};
					63F806BC2A59ACCD00135630 = {
						CreatedOnToolsVersion = 14.3.1;
						TestTargetID = 63F8069C2A59ACCC00135630;
					};
				};
			};
			buildConfigurationList = 63F806982A59ACCC00135630 /* Build configuration list for PBXProject "moontake" */;
			compatibilityVersion = "Xcode 14.0";
			developmentRegion = en;
			hasScannedForEncodings = 0;
			knownRegions = (
				en,
				Base,
				"zh-Hans",
				"zh-Hant",
				"zh-HK",
			);
			mainGroup = 63F806942A59ACCC00135630;
			packageReferences = (
				63F806D22A59BA8E00135630 /* XCRemoteSwiftPackageReference "SnapKit" */,
			);
			productRefGroup = 63F8069E2A59ACCC00135630 /* Products */;
			projectDirPath = "";
			projectRoot = "";
			targets = (
				63F8069C2A59ACCC00135630 /* moontake */,
				63F806B22A59ACCD00135630 /* moontakeTests */,
				63F806BC2A59ACCD00135630 /* moontakeUITests */,
			);
		};
/* End PBXProject section */

/* Begin PBXResourcesBuildPhase section */
		63F8069B2A59ACCC00135630 /* Resources */ = {
			isa = PBXResourcesBuildPhase;
			buildActionMask = 2147483647;
			files = (
				63F806AD2A59ACCD00135630 /* LaunchScreen.storyboard in Resources */,
				63FF94192A84E4C100FD5689 /* InfoPlist.strings in Resources */,
				6305CD122A7BA27A001CF9C6 /* Localizable.strings in Resources */,
				63F806AA2A59ACCD00135630 /* Assets.xcassets in Resources */,
			);
			runOnlyForDeploymentPostprocessing = 0;
		};
		63F806B12A59ACCD00135630 /* Resources */ = {
			isa = PBXResourcesBuildPhase;
			buildActionMask = 2147483647;
			files = (
			);
			runOnlyForDeploymentPostprocessing = 0;
		};
		63F806BB2A59ACCD00135630 /* Resources */ = {
			isa = PBXResourcesBuildPhase;
			buildActionMask = 2147483647;
			files = (
			);
			runOnlyForDeploymentPostprocessing = 0;
		};
/* End PBXResourcesBuildPhase section */

/* Begin PBXSourcesBuildPhase section */
		63F806992A59ACCC00135630 /* Sources */ = {
			isa = PBXSourcesBuildPhase;
			buildActionMask = 2147483647;
			files = (
				6305CD1A2A7BAB19001CF9C6 /* UIViewController+Extension.swift in Sources */,
				6305CD182A7BAA49001CF9C6 /* SpecificationsViewController.swift in Sources */,
				6304F6F02A5AC2410068C1C4 /* PhotoCaptureProcessor.swift in Sources */,
				6306429F2A83947500A918DE /* MembershipCell.swift in Sources */,
				6304F6EE2A5AB0070068C1C4 /* AVCapturePreviewView.swift in Sources */,
				63FF94212A851B2000FD5689 /* AppCell.swift in Sources */,
				63ED89502A81480600EA1545 /* AttributedString+Extension.swift in Sources */,
				63F806A52A59ACCC00135630 /* CameraViewController.swift in Sources */,
				63F806A12A59ACCC00135630 /* AppDelegate.swift in Sources */,
				63E112602A821FBD00F03A1E /* PhotoCaptureProcessor+WaterMark.swift in Sources */,
				63F806A32A59ACCC00135630 /* SceneDelegate.swift in Sources */,
				63F5E3332A72ACD8008CAA07 /* FocusView.swift in Sources */,
				6305CD1E2A7BAEAA001CF9C6 /* Language.swift in Sources */,
				63F806D12A59ADC700135630 /* UIColor+Extension.swift in Sources */,
				630642952A836E8400A918DE /* PermissionView.swift in Sources */,
				6306429D2A83926000A918DE /* UserDefaults+Extension.swift in Sources */,
				63102E4A2A716C39006C2FE9 /* AVCaptureVideoOrientation+Extension.swift in Sources */,
				630642992A838CD700A918DE /* Store.swift in Sources */,
				630642A22A83CFBA00A918DE /* WatermarkViewController.swift in Sources */,
				630642A42A83D8DC00A918DE /* Settings.swift in Sources */,
				630642982A838CD700A918DE /* User.swift in Sources */,
				63FE1DF22A75579500D31B04 /* String+Extension.swift in Sources */,
				63FDEA322A7D01CD002E02C2 /* MoonManager.swift in Sources */,
				6306429B2A83923800A918DE /* Notification+Extension.swift in Sources */,
				63F5E3392A72B0F8008CAA07 /* MoreViewController.swift in Sources */,
			);
			runOnlyForDeploymentPostprocessing = 0;
		};
		63F806AF2A59ACCD00135630 /* Sources */ = {
			isa = PBXSourcesBuildPhase;
			buildActionMask = 2147483647;
			files = (
				63F806B82A59ACCD00135630 /* moontakeTests.swift in Sources */,
			);
			runOnlyForDeploymentPostprocessing = 0;
		};
		63F806B92A59ACCD00135630 /* Sources */ = {
			isa = PBXSourcesBuildPhase;
			buildActionMask = 2147483647;
			files = (
				63F806C42A59ACCD00135630 /* moontakeUITestsLaunchTests.swift in Sources */,
				63F806C22A59ACCD00135630 /* moontakeUITests.swift in Sources */,
			);
			runOnlyForDeploymentPostprocessing = 0;
		};
/* End PBXSourcesBuildPhase section */

/* Begin PBXTargetDependency section */
		63F806B52A59ACCD00135630 /* PBXTargetDependency */ = {
			isa = PBXTargetDependency;
			target = 63F8069C2A59ACCC00135630 /* moontake */;
			targetProxy = 63F806B42A59ACCD00135630 /* PBXContainerItemProxy */;
		};
		63F806BF2A59ACCD00135630 /* PBXTargetDependency */ = {
			isa = PBXTargetDependency;
			target = 63F8069C2A59ACCC00135630 /* moontake */;
			targetProxy = 63F806BE2A59ACCD00135630 /* PBXContainerItemProxy */;
		};
/* End PBXTargetDependency section */

/* Begin PBXVariantGroup section */
		6305CD142A7BA27A001CF9C6 /* Localizable.strings */ = {
			isa = PBXVariantGroup;
			children = (
				6305CD132A7BA27A001CF9C6 /* en */,
				6305CD152A7BA27D001CF9C6 /* zh-Hans */,
				6305CD162A7BA27E001CF9C6 /* zh-Hant */,
				6305CD1C2A7BAE3A001CF9C6 /* zh-HK */,
			);
			name = Localizable.strings;
			sourceTree = "<group>";
		};
		63F806AB2A59ACCD00135630 /* LaunchScreen.storyboard */ = {
			isa = PBXVariantGroup;
			children = (
				63F806AC2A59ACCD00135630 /* Base */,
				6305CD102A7BA257001CF9C6 /* zh-Hans */,
				6305CD112A7BA261001CF9C6 /* zh-Hant */,
				6305CD1B2A7BAE39001CF9C6 /* zh-HK */,
			);
			name = LaunchScreen.storyboard;
			sourceTree = "<group>";
		};
		63FF941B2A84E4C100FD5689 /* InfoPlist.strings */ = {
			isa = PBXVariantGroup;
			children = (
				63FF941A2A84E4C100FD5689 /* en */,
				63FF941D2A84E4C600FD5689 /* zh-Hans */,
				63FF941E2A84E4C700FD5689 /* zh-Hant */,
				63FF941F2A84E4E700FD5689 /* zh-HK */,
			);
			name = InfoPlist.strings;
			sourceTree = "<group>";
		};
/* End PBXVariantGroup section */

/* Begin XCBuildConfiguration section */
		63F806C52A59ACCD00135630 /* Debug */ = {
			isa = XCBuildConfiguration;
			buildSettings = {
				ALWAYS_SEARCH_USER_PATHS = NO;
				CLANG_ANALYZER_LOCALIZABILITY_NONLOCALIZED = YES;
				CLANG_ANALYZER_NONNULL = YES;
				CLANG_ANALYZER_NUMBER_OBJECT_CONVERSION = YES_AGGRESSIVE;
				CLANG_CXX_LANGUAGE_STANDARD = "gnu++20";
				CLANG_ENABLE_MODULES = YES;
				CLANG_ENABLE_OBJC_ARC = YES;
				CLANG_ENABLE_OBJC_WEAK = YES;
				CLANG_WARN_BLOCK_CAPTURE_AUTORELEASING = YES;
				CLANG_WARN_BOOL_CONVERSION = YES;
				CLANG_WARN_COMMA = YES;
				CLANG_WARN_CONSTANT_CONVERSION = YES;
				CLANG_WARN_DEPRECATED_OBJC_IMPLEMENTATIONS = YES;
				CLANG_WARN_DIRECT_OBJC_ISA_USAGE = YES_ERROR;
				CLANG_WARN_DOCUMENTATION_COMMENTS = YES;
				CLANG_WARN_EMPTY_BODY = YES;
				CLANG_WARN_ENUM_CONVERSION = YES;
				CLANG_WARN_INFINITE_RECURSION = YES;
				CLANG_WARN_INT_CONVERSION = YES;
				CLANG_WARN_NON_LITERAL_NULL_CONVERSION = YES;
				CLANG_WARN_OBJC_IMPLICIT_RETAIN_SELF = YES;
				CLANG_WARN_OBJC_LITERAL_CONVERSION = YES;
				CLANG_WARN_OBJC_ROOT_CLASS = YES_ERROR;
				CLANG_WARN_QUOTED_INCLUDE_IN_FRAMEWORK_HEADER = YES;
				CLANG_WARN_RANGE_LOOP_ANALYSIS = YES;
				CLANG_WARN_STRICT_PROTOTYPES = YES;
				CLANG_WARN_SUSPICIOUS_MOVE = YES;
				CLANG_WARN_UNGUARDED_AVAILABILITY = YES_AGGRESSIVE;
				CLANG_WARN_UNREACHABLE_CODE = YES;
				CLANG_WARN__DUPLICATE_METHOD_MATCH = YES;
				COPY_PHASE_STRIP = NO;
				DEBUG_INFORMATION_FORMAT = dwarf;
				ENABLE_STRICT_OBJC_MSGSEND = YES;
				ENABLE_TESTABILITY = YES;
				GCC_C_LANGUAGE_STANDARD = gnu11;
				GCC_DYNAMIC_NO_PIC = NO;
				GCC_NO_COMMON_BLOCKS = YES;
				GCC_OPTIMIZATION_LEVEL = 0;
				GCC_PREPROCESSOR_DEFINITIONS = (
					"DEBUG=1",
					"$(inherited)",
				);
				GCC_WARN_64_TO_32_BIT_CONVERSION = YES;
				GCC_WARN_ABOUT_RETURN_TYPE = YES_ERROR;
				GCC_WARN_UNDECLARED_SELECTOR = YES;
				GCC_WARN_UNINITIALIZED_AUTOS = YES_AGGRESSIVE;
				GCC_WARN_UNUSED_FUNCTION = YES;
				GCC_WARN_UNUSED_VARIABLE = YES;
				IPHONEOS_DEPLOYMENT_TARGET = 15.0;
				MTL_ENABLE_DEBUG_INFO = INCLUDE_SOURCE;
				MTL_FAST_MATH = YES;
				ONLY_ACTIVE_ARCH = YES;
				SDKROOT = iphoneos;
				SWIFT_ACTIVE_COMPILATION_CONDITIONS = DEBUG;
				SWIFT_OPTIMIZATION_LEVEL = "-Onone";
			};
			name = Debug;
		};
		63F806C62A59ACCD00135630 /* Release */ = {
			isa = XCBuildConfiguration;
			buildSettings = {
				ALWAYS_SEARCH_USER_PATHS = NO;
				CLANG_ANALYZER_LOCALIZABILITY_NONLOCALIZED = YES;
				CLANG_ANALYZER_NONNULL = YES;
				CLANG_ANALYZER_NUMBER_OBJECT_CONVERSION = YES_AGGRESSIVE;
				CLANG_CXX_LANGUAGE_STANDARD = "gnu++20";
				CLANG_ENABLE_MODULES = YES;
				CLANG_ENABLE_OBJC_ARC = YES;
				CLANG_ENABLE_OBJC_WEAK = YES;
				CLANG_WARN_BLOCK_CAPTURE_AUTORELEASING = YES;
				CLANG_WARN_BOOL_CONVERSION = YES;
				CLANG_WARN_COMMA = YES;
				CLANG_WARN_CONSTANT_CONVERSION = YES;
				CLANG_WARN_DEPRECATED_OBJC_IMPLEMENTATIONS = YES;
				CLANG_WARN_DIRECT_OBJC_ISA_USAGE = YES_ERROR;
				CLANG_WARN_DOCUMENTATION_COMMENTS = YES;
				CLANG_WARN_EMPTY_BODY = YES;
				CLANG_WARN_ENUM_CONVERSION = YES;
				CLANG_WARN_INFINITE_RECURSION = YES;
				CLANG_WARN_INT_CONVERSION = YES;
				CLANG_WARN_NON_LITERAL_NULL_CONVERSION = YES;
				CLANG_WARN_OBJC_IMPLICIT_RETAIN_SELF = YES;
				CLANG_WARN_OBJC_LITERAL_CONVERSION = YES;
				CLANG_WARN_OBJC_ROOT_CLASS = YES_ERROR;
				CLANG_WARN_QUOTED_INCLUDE_IN_FRAMEWORK_HEADER = YES;
				CLANG_WARN_RANGE_LOOP_ANALYSIS = YES;
				CLANG_WARN_STRICT_PROTOTYPES = YES;
				CLANG_WARN_SUSPICIOUS_MOVE = YES;
				CLANG_WARN_UNGUARDED_AVAILABILITY = YES_AGGRESSIVE;
				CLANG_WARN_UNREACHABLE_CODE = YES;
				CLANG_WARN__DUPLICATE_METHOD_MATCH = YES;
				COPY_PHASE_STRIP = NO;
				DEBUG_INFORMATION_FORMAT = "dwarf-with-dsym";
				ENABLE_NS_ASSERTIONS = NO;
				ENABLE_STRICT_OBJC_MSGSEND = YES;
				GCC_C_LANGUAGE_STANDARD = gnu11;
				GCC_NO_COMMON_BLOCKS = YES;
				GCC_WARN_64_TO_32_BIT_CONVERSION = YES;
				GCC_WARN_ABOUT_RETURN_TYPE = YES_ERROR;
				GCC_WARN_UNDECLARED_SELECTOR = YES;
				GCC_WARN_UNINITIALIZED_AUTOS = YES_AGGRESSIVE;
				GCC_WARN_UNUSED_FUNCTION = YES;
				GCC_WARN_UNUSED_VARIABLE = YES;
				IPHONEOS_DEPLOYMENT_TARGET = 15.0;
				MTL_ENABLE_DEBUG_INFO = NO;
				MTL_FAST_MATH = YES;
				SDKROOT = iphoneos;
				SWIFT_COMPILATION_MODE = wholemodule;
				SWIFT_OPTIMIZATION_LEVEL = "-O";
				VALIDATE_PRODUCT = YES;
			};
			name = Release;
		};
		63F806C82A59ACCD00135630 /* Debug */ = {
			isa = XCBuildConfiguration;
			buildSettings = {
				ASSETCATALOG_COMPILER_APPICON_NAME = AppIcon;
				ASSETCATALOG_COMPILER_GLOBAL_ACCENT_COLOR_NAME = AccentColor;
				CODE_SIGN_STYLE = Automatic;
				CURRENT_PROJECT_VERSION = 1;
				DEVELOPMENT_TEAM = KKQQQNKMM6;
				GENERATE_INFOPLIST_FILE = YES;
				INFOPLIST_FILE = moontake/Info.plist;
				INFOPLIST_KEY_LSApplicationCategoryType = "public.app-category.photography";
				INFOPLIST_KEY_NSCameraUsageDescription = "We need access to your camera to take photos.";
				INFOPLIST_KEY_NSPhotoLibraryAddUsageDescription = "We need add-only authrization to save photo to album.";
				INFOPLIST_KEY_UIApplicationSupportsIndirectInputEvents = YES;
				INFOPLIST_KEY_UILaunchStoryboardName = LaunchScreen;
				INFOPLIST_KEY_UIMainStoryboardFile = "";
				INFOPLIST_KEY_UIRequiresFullScreen = YES;
				INFOPLIST_KEY_UISupportedInterfaceOrientations = UIInterfaceOrientationPortrait;
				INFOPLIST_KEY_UISupportedInterfaceOrientations_iPad = "UIInterfaceOrientationPortrait UIInterfaceOrientationPortraitUpsideDown";
				IPHONEOS_DEPLOYMENT_TARGET = 15.0;
				LD_RUNPATH_SEARCH_PATHS = (
					"$(inherited)",
					"@executable_path/Frameworks",
				);
				MARKETING_VERSION = 1.0.3;
				PRODUCT_BUNDLE_IDENTIFIER = com.zizicici.moontake;
				PRODUCT_NAME = "$(TARGET_NAME)";
				SUPPORTED_PLATFORMS = "iphoneos iphonesimulator";
				SUPPORTS_MACCATALYST = NO;
				SUPPORTS_MAC_DESIGNED_FOR_IPHONE_IPAD = NO;
				SWIFT_EMIT_LOC_STRINGS = YES;
				SWIFT_VERSION = 5.0;
				TARGETED_DEVICE_FAMILY = 1;
			};
			name = Debug;
		};
		63F806C92A59ACCD00135630 /* Release */ = {
			isa = XCBuildConfiguration;
			buildSettings = {
				ASSETCATALOG_COMPILER_APPICON_NAME = AppIcon;
				ASSETCATALOG_COMPILER_GLOBAL_ACCENT_COLOR_NAME = AccentColor;
				CODE_SIGN_STYLE = Automatic;
				CURRENT_PROJECT_VERSION = 1;
				DEVELOPMENT_TEAM = KKQQQNKMM6;
				GENERATE_INFOPLIST_FILE = YES;
				INFOPLIST_FILE = moontake/Info.plist;
				INFOPLIST_KEY_LSApplicationCategoryType = "public.app-category.photography";
				INFOPLIST_KEY_NSCameraUsageDescription = "We need access to your camera to take photos.";
				INFOPLIST_KEY_NSPhotoLibraryAddUsageDescription = "We need add-only authrization to save photo to album.";
				INFOPLIST_KEY_UIApplicationSupportsIndirectInputEvents = YES;
				INFOPLIST_KEY_UILaunchStoryboardName = LaunchScreen;
				INFOPLIST_KEY_UIMainStoryboardFile = "";
				INFOPLIST_KEY_UIRequiresFullScreen = YES;
				INFOPLIST_KEY_UISupportedInterfaceOrientations = UIInterfaceOrientationPortrait;
				INFOPLIST_KEY_UISupportedInterfaceOrientations_iPad = "UIInterfaceOrientationPortrait UIInterfaceOrientationPortraitUpsideDown";
				IPHONEOS_DEPLOYMENT_TARGET = 15.0;
				LD_RUNPATH_SEARCH_PATHS = (
					"$(inherited)",
					"@executable_path/Frameworks",
				);
				MARKETING_VERSION = 1.0.3;
				PRODUCT_BUNDLE_IDENTIFIER = com.zizicici.moontake;
				PRODUCT_NAME = "$(TARGET_NAME)";
				SUPPORTED_PLATFORMS = "iphoneos iphonesimulator";
				SUPPORTS_MACCATALYST = NO;
				SUPPORTS_MAC_DESIGNED_FOR_IPHONE_IPAD = NO;
				SWIFT_EMIT_LOC_STRINGS = YES;
				SWIFT_VERSION = 5.0;
				TARGETED_DEVICE_FAMILY = 1;
			};
			name = Release;
		};
		63F806CB2A59ACCD00135630 /* Debug */ = {
			isa = XCBuildConfiguration;
			buildSettings = {
				ALWAYS_EMBED_SWIFT_STANDARD_LIBRARIES = YES;
				BUNDLE_LOADER = "$(TEST_HOST)";
				CODE_SIGN_STYLE = Automatic;
				CURRENT_PROJECT_VERSION = 1;
				DEVELOPMENT_TEAM = KKQQQNKMM6;
				GENERATE_INFOPLIST_FILE = YES;
				IPHONEOS_DEPLOYMENT_TARGET = 16.4;
				MARKETING_VERSION = 1.0;
				PRODUCT_BUNDLE_IDENTIFIER = com.zizicici.moontakeTests;
				PRODUCT_NAME = "$(TARGET_NAME)";
				SWIFT_EMIT_LOC_STRINGS = NO;
				SWIFT_VERSION = 5.0;
				TARGETED_DEVICE_FAMILY = "1,2";
				TEST_HOST = "$(BUILT_PRODUCTS_DIR)/moontake.app/$(BUNDLE_EXECUTABLE_FOLDER_PATH)/moontake";
			};
			name = Debug;
		};
		63F806CC2A59ACCD00135630 /* Release */ = {
			isa = XCBuildConfiguration;
			buildSettings = {
				ALWAYS_EMBED_SWIFT_STANDARD_LIBRARIES = YES;
				BUNDLE_LOADER = "$(TEST_HOST)";
				CODE_SIGN_STYLE = Automatic;
				CURRENT_PROJECT_VERSION = 1;
				DEVELOPMENT_TEAM = KKQQQNKMM6;
				GENERATE_INFOPLIST_FILE = YES;
				IPHONEOS_DEPLOYMENT_TARGET = 16.4;
				MARKETING_VERSION = 1.0;
				PRODUCT_BUNDLE_IDENTIFIER = com.zizicici.moontakeTests;
				PRODUCT_NAME = "$(TARGET_NAME)";
				SWIFT_EMIT_LOC_STRINGS = NO;
				SWIFT_VERSION = 5.0;
				TARGETED_DEVICE_FAMILY = "1,2";
				TEST_HOST = "$(BUILT_PRODUCTS_DIR)/moontake.app/$(BUNDLE_EXECUTABLE_FOLDER_PATH)/moontake";
			};
			name = Release;
		};
		63F806CE2A59ACCD00135630 /* Debug */ = {
			isa = XCBuildConfiguration;
			buildSettings = {
				ALWAYS_EMBED_SWIFT_STANDARD_LIBRARIES = YES;
				CODE_SIGN_STYLE = Automatic;
				CURRENT_PROJECT_VERSION = 1;
				DEVELOPMENT_TEAM = KKQQQNKMM6;
				GENERATE_INFOPLIST_FILE = YES;
				MARKETING_VERSION = 1.0;
				PRODUCT_BUNDLE_IDENTIFIER = com.zizicici.moontakeUITests;
				PRODUCT_NAME = "$(TARGET_NAME)";
				SWIFT_EMIT_LOC_STRINGS = NO;
				SWIFT_VERSION = 5.0;
				TARGETED_DEVICE_FAMILY = "1,2";
				TEST_TARGET_NAME = moontake;
			};
			name = Debug;
		};
		63F806CF2A59ACCD00135630 /* Release */ = {
			isa = XCBuildConfiguration;
			buildSettings = {
				ALWAYS_EMBED_SWIFT_STANDARD_LIBRARIES = YES;
				CODE_SIGN_STYLE = Automatic;
				CURRENT_PROJECT_VERSION = 1;
				DEVELOPMENT_TEAM = KKQQQNKMM6;
				GENERATE_INFOPLIST_FILE = YES;
				MARKETING_VERSION = 1.0;
				PRODUCT_BUNDLE_IDENTIFIER = com.zizicici.moontakeUITests;
				PRODUCT_NAME = "$(TARGET_NAME)";
				SWIFT_EMIT_LOC_STRINGS = NO;
				SWIFT_VERSION = 5.0;
				TARGETED_DEVICE_FAMILY = "1,2";
				TEST_TARGET_NAME = moontake;
			};
			name = Release;
		};
/* End XCBuildConfiguration section */

/* Begin XCConfigurationList section */
		63F806982A59ACCC00135630 /* Build configuration list for PBXProject "moontake" */ = {
			isa = XCConfigurationList;
			buildConfigurations = (
				63F806C52A59ACCD00135630 /* Debug */,
				63F806C62A59ACCD00135630 /* Release */,
			);
			defaultConfigurationIsVisible = 0;
			defaultConfigurationName = Release;
		};
		63F806C72A59ACCD00135630 /* Build configuration list for PBXNativeTarget "moontake" */ = {
			isa = XCConfigurationList;
			buildConfigurations = (
				63F806C82A59ACCD00135630 /* Debug */,
				63F806C92A59ACCD00135630 /* Release */,
			);
			defaultConfigurationIsVisible = 0;
			defaultConfigurationName = Release;
		};
		63F806CA2A59ACCD00135630 /* Build configuration list for PBXNativeTarget "moontakeTests" */ = {
			isa = XCConfigurationList;
			buildConfigurations = (
				63F806CB2A59ACCD00135630 /* Debug */,
				63F806CC2A59ACCD00135630 /* Release */,
			);
			defaultConfigurationIsVisible = 0;
			defaultConfigurationName = Release;
		};
		63F806CD2A59ACCD00135630 /* Build configuration list for PBXNativeTarget "moontakeUITests" */ = {
			isa = XCConfigurationList;
			buildConfigurations = (
				63F806CE2A59ACCD00135630 /* Debug */,
				63F806CF2A59ACCD00135630 /* Release */,
			);
			defaultConfigurationIsVisible = 0;
			defaultConfigurationName = Release;
		};
/* End XCConfigurationList section */

/* Begin XCRemoteSwiftPackageReference section */
		63F806D22A59BA8E00135630 /* XCRemoteSwiftPackageReference "SnapKit" */ = {
			isa = XCRemoteSwiftPackageReference;
			repositoryURL = "https://github.com/SnapKit/SnapKit.git";
			requirement = {
				kind = upToNextMajorVersion;
				minimumVersion = 5.0.0;
			};
		};
/* End XCRemoteSwiftPackageReference section */

/* Begin XCSwiftPackageProductDependency section */
		63F806D32A59BA8E00135630 /* SnapKit */ = {
			isa = XCSwiftPackageProductDependency;
			package = 63F806D22A59BA8E00135630 /* XCRemoteSwiftPackageReference "SnapKit" */;
			productName = SnapKit;
		};
/* End XCSwiftPackageProductDependency section */
	};
	rootObject = 63F806952A59ACCC00135630 /* Project object */;
}
