// !$*UTF8*$!
{
	archiveVersion = 1;
	classes = {
	};
	objectVersion = 70;
	objects = {

/* Begin PBXBuildFile section */
		141F38D82C9968DF00347225 /* GRDB in Frameworks */ = {isa = PBXBuildFile; productRef = 141F38D72C9968DF00347225 /* GRDB */; };
		1447C23D2E8B992800CCE53B /* AppInfo in Frameworks */ = {isa = PBXBuildFile; productRef = 1447C23C2E8B992800CCE53B /* AppInfo */; };
		14D3C57D2C4277BA004BAB85 /* Kingfisher in Frameworks */ = {isa = PBXBuildFile; productRef = 14D3C57C2C4277BA004BAB85 /* Kingfisher */; };
		14D3C5802C43A63F004BAB85 /* ZCCalendar in Frameworks */ = {isa = PBXBuildFile; productRef = 14D3C57F2C43A63F004BAB85 /* ZCCalendar */; };
		14F0A0012F0A000100AA0001 /* MoreKit in Frameworks */ = {isa = PBXBuildFile; productRef = 14F0A0022F0A000100AA0001 /* MoreKit */; };
		6306D0582AA0913A003B3A23 /* Toast in Frameworks */ = {isa = PBXBuildFile; productRef = 6306D0572AA0913A003B3A23 /* Toast */; };
		63F806D42A59BA8E00135630 /* SnapKit in Frameworks */ = {isa = PBXBuildFile; productRef = 63F806D32A59BA8E00135630 /* SnapKit */; };
		AF0922020000000000000001 /* SkyKit in Frameworks */ = {isa = PBXBuildFile; productRef = AF0922020000000000000002 /* SkyKit */; };
		BA0922000000000000000003 /* AssetDownloader.appex in Embed ExtensionKit Extensions */ = {isa = PBXBuildFile; fileRef = BA0922000000000000000004 /* AssetDownloader.appex */; settings = {ATTRIBUTES = (RemoveHeadersOnCopy, ); }; };
/* End PBXBuildFile section */

/* Begin PBXContainerItemProxy section */
		63F806B42A59ACCD00135630 /* PBXContainerItemProxy */ = {
			isa = PBXContainerItemProxy;
			containerPortal = 63F806952A59ACCC00135630 /* Project object */;
			proxyType = 1;
			remoteGlobalIDString = 63F8069C2A59ACCC00135630;
			remoteInfo = moontake;
		};
		63F806BE2A59ACCD00135630 /* PBXContainerItemProxy */ = {
			isa = PBXContainerItemProxy;
			containerPortal = 63F806952A59ACCC00135630 /* Project object */;
			proxyType = 1;
			remoteGlobalIDString = 63F8069C2A59ACCC00135630;
			remoteInfo = moontake;
		};
		BA092200000000000000000C /* PBXContainerItemProxy */ = {
			isa = PBXContainerItemProxy;
			containerPortal = 63F806952A59ACCC00135630 /* Project object */;
			proxyType = 1;
			remoteGlobalIDString = BA092200000000000000000E;
			remoteInfo = AssetDownloader;
		};
/* End PBXContainerItemProxy section */

/* Begin PBXCopyFilesBuildPhase section */
		BA092200000000000000000B /* Embed ExtensionKit Extensions */ = {
			isa = PBXCopyFilesBuildPhase;
			buildActionMask = 2147483647;
			dstPath = "$(CONTENTS_FOLDER_PATH)/Extensions";
			dstSubfolderSpec = 16;
			files = (
				BA0922000000000000000003 /* AssetDownloader.appex in Embed ExtensionKit Extensions */,
			);
			name = "Embed ExtensionKit Extensions";
			runOnlyForDeploymentPostprocessing = 0;
		};
/* End PBXCopyFilesBuildPhase section */

/* Begin PBXFileReference section */
		63F8069D2A59ACCC00135630 /* moontake.app */ = {isa = PBXFileReference; explicitFileType = wrapper.application; includeInIndex = 0; path = moontake.app; sourceTree = BUILT_PRODUCTS_DIR; };
		63F806B32A59ACCD00135630 /* moontakeTests.xctest */ = {isa = PBXFileReference; explicitFileType = wrapper.cfbundle; includeInIndex = 0; path = moontakeTests.xctest; sourceTree = BUILT_PRODUCTS_DIR; };
		63F806BD2A59ACCD00135630 /* moontakeUITests.xctest */ = {isa = PBXFileReference; explicitFileType = wrapper.cfbundle; includeInIndex = 0; path = moontakeUITests.xctest; sourceTree = BUILT_PRODUCTS_DIR; };
		BA0922000000000000000004 /* AssetDownloader.appex */ = {isa = PBXFileReference; explicitFileType = "wrapper.extensionkit-extension"; includeInIndex = 0; path = AssetDownloader.appex; sourceTree = BUILT_PRODUCTS_DIR; };
/* End PBXFileReference section */

/* Begin PBXFileSystemSynchronizedBuildFileExceptionSet section */
		14235A293062C88B007C169A /* PBXFileSystemSynchronizedBuildFileExceptionSet */ = {
			isa = PBXFileSystemSynchronizedBuildFileExceptionSet;
			membershipExceptions = (
				DownloaderExtension.swift,
			);
			target = BA092200000000000000000E /* AssetDownloader */;
		};
		147DFD912F9525B000A76C3D /* PBXFileSystemSynchronizedBuildFileExceptionSet */ = {
			isa = PBXFileSystemSynchronizedBuildFileExceptionSet;
			membershipExceptions = (
				Info.plist,
			);
			target = 63F8069C2A59ACCC00135630 /* moontake */;
		};
/* End PBXFileSystemSynchronizedBuildFileExceptionSet section */

/* Begin PBXFileSystemSynchronizedRootGroup section */
		14235A273062C88A007C169A /* AssetDownloader */ = {isa = PBXFileSystemSynchronizedRootGroup; exceptions = (14235A293062C88B007C169A /* PBXFileSystemSynchronizedBuildFileExceptionSet */, ); explicitFileTypes = {}; explicitFolders = (); path = AssetDownloader; sourceTree = "<group>"; };
		147DFD612F9525B000A76C3D /* moontake */ = {isa = PBXFileSystemSynchronizedRootGroup; exceptions = (147DFD912F9525B000A76C3D /* PBXFileSystemSynchronizedBuildFileExceptionSet */, ); explicitFileTypes = {}; explicitFolders = (Moon/MoonAtlasResources, ); path = moontake; sourceTree = "<group>"; };
		147DFD932F9525BC00A76C3D /* moontakeTests */ = {isa = PBXFileSystemSynchronizedRootGroup; explicitFileTypes = {}; explicitFolders = (); path = moontakeTests; sourceTree = "<group>"; };
		147DFD972F9525C000A76C3D /* moontakeUITests */ = {isa = PBXFileSystemSynchronizedRootGroup; explicitFileTypes = {}; explicitFolders = (); path = moontakeUITests; sourceTree = "<group>"; };
/* End PBXFileSystemSynchronizedRootGroup section */

/* Begin PBXFrameworksBuildPhase section */
		63F8069A2A59ACCC00135630 /* Frameworks */ = {
			isa = PBXFrameworksBuildPhase;
			buildActionMask = 2147483647;
			files = (
				14D3C57D2C4277BA004BAB85 /* Kingfisher in Frameworks */,
				14D3C5802C43A63F004BAB85 /* ZCCalendar in Frameworks */,
				1447C23D2E8B992800CCE53B /* AppInfo in Frameworks */,
				14F0A0012F0A000100AA0001 /* MoreKit in Frameworks */,
				AF0922020000000000000001 /* SkyKit in Frameworks */,
				6306D0582AA0913A003B3A23 /* Toast in Frameworks */,
				141F38D82C9968DF00347225 /* GRDB in Frameworks */,
				63F806D42A59BA8E00135630 /* SnapKit in Frameworks */,
			);
			runOnlyForDeploymentPostprocessing = 0;
		};
		63F806B02A59ACCD00135630 /* Frameworks */ = {
			isa = PBXFrameworksBuildPhase;
			buildActionMask = 2147483647;
			files = (
			);
			runOnlyForDeploymentPostprocessing = 0;
		};
		63F806BA2A59ACCD00135630 /* Frameworks */ = {
			isa = PBXFrameworksBuildPhase;
			buildActionMask = 2147483647;
			files = (
			);
			runOnlyForDeploymentPostprocessing = 0;
		};
		BA0922000000000000000009 /* Frameworks */ = {
			isa = PBXFrameworksBuildPhase;
			buildActionMask = 2147483647;
			files = (
			);
			runOnlyForDeploymentPostprocessing = 0;
		};
/* End PBXFrameworksBuildPhase section */

/* Begin PBXGroup section */
		63F806942A59ACCC00135630 = {
			isa = PBXGroup;
			children = (
				147DFD612F9525B000A76C3D /* moontake */,
				14235A273062C88A007C169A /* AssetDownloader */,
				147DFD932F9525BC00A76C3D /* moontakeTests */,
				147DFD972F9525C000A76C3D /* moontakeUITests */,
				63F8069E2A59ACCC00135630 /* Products */,
			);
			sourceTree = "<group>";
		};
		63F8069E2A59ACCC00135630 /* Products */ = {
			isa = PBXGroup;
			children = (
				63F8069D2A59ACCC00135630 /* moontake.app */,
				BA0922000000000000000004 /* AssetDownloader.appex */,
				63F806B32A59ACCD00135630 /* moontakeTests.xctest */,
				63F806BD2A59ACCD00135630 /* moontakeUITests.xctest */,
			);
			name = Products;
			sourceTree = "<group>";
		};
/* End PBXGroup section */

/* Begin PBXNativeTarget section */
		63F8069C2A59ACCC00135630 /* moontake */ = {
			isa = PBXNativeTarget;
			buildConfigurationList = 63F806C72A59ACCD00135630 /* Build configuration list for PBXNativeTarget "moontake" */;
			buildPhases = (
				63F806992A59ACCC00135630 /* Sources */,
				63F8069A2A59ACCC00135630 /* Frameworks */,
				63F8069B2A59ACCC00135630 /* Resources */,
				BA092200000000000000000B /* Embed ExtensionKit Extensions */,
			);
			buildRules = (
			);
			dependencies = (
				BA092200000000000000000D /* PBXTargetDependency */,
			);
			fileSystemSynchronizedGroups = (
				147DFD612F9525B000A76C3D /* moontake */,
			);
			name = moontake;
			packageProductDependencies = (
				63F806D32A59BA8E00135630 /* SnapKit */,
				6306D0572AA0913A003B3A23 /* Toast */,
				14D3C57C2C4277BA004BAB85 /* Kingfisher */,
				14D3C57F2C43A63F004BAB85 /* ZCCalendar */,
				141F38D72C9968DF00347225 /* GRDB */,
				1447C23C2E8B992800CCE53B /* AppInfo */,
				14F0A0022F0A000100AA0001 /* MoreKit */,
				AF0922020000000000000002 /* SkyKit */,
			);
			productName = moontake;
			productReference = 63F8069D2A59ACCC00135630 /* moontake.app */;
			productType = "com.apple.product-type.application";
		};
		63F806B22A59ACCD00135630 /* moontakeTests */ = {
			isa = PBXNativeTarget;
			buildConfigurationList = 63F806CA2A59ACCD00135630 /* Build configuration list for PBXNativeTarget "moontakeTests" */;
			buildPhases = (
				63F806AF2A59ACCD00135630 /* Sources */,
				63F806B02A59ACCD00135630 /* Frameworks */,
				63F806B12A59ACCD00135630 /* Resources */,
			);
			buildRules = (
			);
			dependencies = (
				63F806B52A59ACCD00135630 /* PBXTargetDependency */,
			);
			fileSystemSynchronizedGroups = (
				147DFD932F9525BC00A76C3D /* moontakeTests */,
			);
			name = moontakeTests;
			productName = moontakeTests;
			productReference = 63F806B32A59ACCD00135630 /* moontakeTests.xctest */;
			productType = "com.apple.product-type.bundle.unit-test";
		};
		63F806BC2A59ACCD00135630 /* moontakeUITests */ = {
			isa = PBXNativeTarget;
			buildConfigurationList = 63F806CD2A59ACCD00135630 /* Build configuration list for PBXNativeTarget "moontakeUITests" */;
			buildPhases = (
				63F806B92A59ACCD00135630 /* Sources */,
				63F806BA2A59ACCD00135630 /* Frameworks */,
				63F806BB2A59ACCD00135630 /* Resources */,
			);
			buildRules = (
			);
			dependencies = (
				63F806BF2A59ACCD00135630 /* PBXTargetDependency */,
			);
			fileSystemSynchronizedGroups = (
				147DFD972F9525C000A76C3D /* moontakeUITests */,
			);
			name = moontakeUITests;
			productName = moontakeUITests;
			productReference = 63F806BD2A59ACCD00135630 /* moontakeUITests.xctest */;
			productType = "com.apple.product-type.bundle.ui-testing";
		};
		BA092200000000000000000E /* AssetDownloader */ = {
			isa = PBXNativeTarget;
			buildConfigurationList = BA092200000000000000000F /* Build configuration list for PBXNativeTarget "AssetDownloader" */;
			buildPhases = (
				BA0922000000000000000008 /* Sources */,
				BA0922000000000000000009 /* Frameworks */,
				BA092200000000000000000A /* Resources */,
			);
			buildRules = (
			);
			dependencies = (
			);
			name = AssetDownloader;
			productName = AssetDownloader;
			productReference = BA0922000000000000000004 /* AssetDownloader.appex */;
			productType = "com.apple.product-type.extensionkit-extension";
		};
/* End PBXNativeTarget section */

/* Begin PBXProject section */
		63F806952A59ACCC00135630 /* Project object */ = {
			isa = PBXProject;
			attributes = {
				BuildIndependentTargetsInParallel = 1;
				LastSwiftUpdateCheck = 1430;
				LastUpgradeCheck = 1540;
				TargetAttributes = {
					63F8069C2A59ACCC00135630 = {
						CreatedOnToolsVersion = 14.3.1;
					};
					63F806B22A59ACCD00135630 = {
						CreatedOnToolsVersion = 14.3.1;
						TestTargetID = 63F8069C2A59ACCC00135630;
					};
					63F806BC2A59ACCD00135630 = {
						CreatedOnToolsVersion = 14.3.1;
						TestTargetID = 63F8069C2A59ACCC00135630;
					};
				};
			};
			buildConfigurationList = 63F806982A59ACCC00135630 /* Build configuration list for PBXProject "moontake" */;
			compatibilityVersion = "Xcode 14.0";
			developmentRegion = en;
			hasScannedForEncodings = 0;
			knownRegions = (
				en,
				Base,
				ar,
				"zh-Hans",
				"zh-Hant",
				"zh-HK",
				ja,
				fr,
				de,
				uk,
				ru,
				es,
				"pt-PT",
				"pt-BR",
				"es-419",
			);
			mainGroup = 63F806942A59ACCC00135630;
			packageReferences = (
				63F806D22A59BA8E00135630 /* XCRemoteSwiftPackageReference "SnapKit" */,
				6306D0562AA0913A003B3A23 /* XCRemoteSwiftPackageReference "Toast-Swift" */,
				14D3C57B2C4277BA004BAB85 /* XCRemoteSwiftPackageReference "Kingfisher" */,
				14D3C57E2C43A63F004BAB85 /* XCRemoteSwiftPackageReference "ZCCalendar" */,
				141F38D62C9968DF00347225 /* XCRemoteSwiftPackageReference "GRDB" */,
				1447C23B2E8B992800CCE53B /* XCRemoteSwiftPackageReference "AppInfo" */,
				14F0A0032F0A000100AA0001 /* XCRemoteSwiftPackageReference "MoreKit" */,
				AF0922020000000000000003 /* XCLocalSwiftPackageReference "../SkyKit" */,
			);
			productRefGroup = 63F8069E2A59ACCC00135630 /* Products */;
			projectDirPath = "";
			projectRoot = "";
			targets = (
				BA092200000000000000000E /* AssetDownloader */,
				63F8069C2A59ACCC00135630 /* moontake */,
				63F806B22A59ACCD00135630 /* moontakeTests */,
				63F806BC2A59ACCD00135630 /* moontakeUITests */,
			);
		};
/* End PBXProject section */

/* Begin PBXResourcesBuildPhase section */
		63F8069B2A59ACCC00135630 /* Resources */ = {
			isa = PBXResourcesBuildPhase;
			buildActionMask = 2147483647;
			files = (
			);
			runOnlyForDeploymentPostprocessing = 0;
		};
		63F806B12A59ACCD00135630 /* Resources */ = {
			isa = PBXResourcesBuildPhase;
			buildActionMask = 2147483647;
			files = (
			);
			runOnlyForDeploymentPostprocessing = 0;
		};
		63F806BB2A59ACCD00135630 /* Resources */ = {
			isa = PBXResourcesBuildPhase;
			buildActionMask = 2147483647;
			files = (
			);
			runOnlyForDeploymentPostprocessing = 0;
		};
		BA092200000000000000000A /* Resources */ = {
			isa = PBXResourcesBuildPhase;
			buildActionMask = 2147483647;
			files = (
			);
			runOnlyForDeploymentPostprocessing = 0;
		};
/* End PBXResourcesBuildPhase section */

/* Begin PBXSourcesBuildPhase section */
		63F806992A59ACCC00135630 /* Sources */ = {
			isa = PBXSourcesBuildPhase;
			buildActionMask = 2147483647;
			files = (
			);
			runOnlyForDeploymentPostprocessing = 0;
		};
		63F806AF2A59ACCD00135630 /* Sources */ = {
			isa = PBXSourcesBuildPhase;
			buildActionMask = 2147483647;
			files = (
			);
			runOnlyForDeploymentPostprocessing = 0;
		};
		63F806B92A59ACCD00135630 /* Sources */ = {
			isa = PBXSourcesBuildPhase;
			buildActionMask = 2147483647;
			files = (
			);
			runOnlyForDeploymentPostprocessing = 0;
		};
		BA0922000000000000000008 /* Sources */ = {
			isa = PBXSourcesBuildPhase;
			buildActionMask = 2147483647;
			files = (
			);
			runOnlyForDeploymentPostprocessing = 0;
		};
/* End PBXSourcesBuildPhase section */

/* Begin PBXTargetDependency section */
		63F806B52A59ACCD00135630 /* PBXTargetDependency */ = {
			isa = PBXTargetDependency;
			target = 63F8069C2A59ACCC00135630 /* moontake */;
			targetProxy = 63F806B42A59ACCD00135630 /* PBXContainerItemProxy */;
		};
		63F806BF2A59ACCD00135630 /* PBXTargetDependency */ = {
			isa = PBXTargetDependency;
			target = 63F8069C2A59ACCC00135630 /* moontake */;
			targetProxy = 63F806BE2A59ACCD00135630 /* PBXContainerItemProxy */;
		};
		BA092200000000000000000D /* PBXTargetDependency */ = {
			isa = PBXTargetDependency;
			target = BA092200000000000000000E /* AssetDownloader */;
			targetProxy = BA092200000000000000000C /* PBXContainerItemProxy */;
		};
/* End PBXTargetDependency section */

/* Begin XCBuildConfiguration section */
		63F806C52A59ACCD00135630 /* Debug */ = {
			isa = XCBuildConfiguration;
			buildSettings = {
				ALWAYS_SEARCH_USER_PATHS = NO;
				ASSETCATALOG_COMPILER_GENERATE_SWIFT_ASSET_SYMBOL_EXTENSIONS = YES;
				CLANG_ANALYZER_LOCALIZABILITY_NONLOCALIZED = YES;
				CLANG_ANALYZER_NONNULL = YES;
				CLANG_ANALYZER_NUMBER_OBJECT_CONVERSION = YES_AGGRESSIVE;
				CLANG_CXX_LANGUAGE_STANDARD = "gnu++20";
				CLANG_ENABLE_MODULES = YES;
				CLANG_ENABLE_OBJC_ARC = YES;
				CLANG_ENABLE_OBJC_WEAK = YES;
				CLANG_WARN_BLOCK_CAPTURE_AUTORELEASING = YES;
				CLANG_WARN_BOOL_CONVERSION = YES;
				CLANG_WARN_COMMA = YES;
				CLANG_WARN_CONSTANT_CONVERSION = YES;
				CLANG_WARN_DEPRECATED_OBJC_IMPLEMENTATIONS = YES;
				CLANG_WARN_DIRECT_OBJC_ISA_USAGE = YES_ERROR;
				CLANG_WARN_DOCUMENTATION_COMMENTS = YES;
				CLANG_WARN_EMPTY_BODY = YES;
				CLANG_WARN_ENUM_CONVERSION = YES;
				CLANG_WARN_INFINITE_RECURSION = YES;
				CLANG_WARN_INT_CONVERSION = YES;
				CLANG_WARN_NON_LITERAL_NULL_CONVERSION = YES;
				CLANG_WARN_OBJC_IMPLICIT_RETAIN_SELF = YES;
				CLANG_WARN_OBJC_LITERAL_CONVERSION = YES;
				CLANG_WARN_OBJC_ROOT_CLASS = YES_ERROR;
				CLANG_WARN_QUOTED_INCLUDE_IN_FRAMEWORK_HEADER = YES;
				CLANG_WARN_RANGE_LOOP_ANALYSIS = YES;
				CLANG_WARN_STRICT_PROTOTYPES = YES;
				CLANG_WARN_SUSPICIOUS_MOVE = YES;
				CLANG_WARN_UNGUARDED_AVAILABILITY = YES_AGGRESSIVE;
				CLANG_WARN_UNREACHABLE_CODE = YES;
				CLANG_WARN__DUPLICATE_METHOD_MATCH = YES;
				COPY_PHASE_STRIP = NO;
				DEBUG_INFORMATION_FORMAT = dwarf;
				ENABLE_STRICT_OBJC_MSGSEND = YES;
				ENABLE_TESTABILITY = YES;
				GCC_C_LANGUAGE_STANDARD = gnu11;
				GCC_DYNAMIC_NO_PIC = NO;
				GCC_NO_COMMON_BLOCKS = YES;
				GCC_OPTIMIZATION_LEVEL = 0;
				GCC_PREPROCESSOR_DEFINITIONS = (
					"DEBUG=1",
					"$(inherited)",
				);
				GCC_WARN_64_TO_32_BIT_CONVERSION = YES;
				GCC_WARN_ABOUT_RETURN_TYPE = YES_ERROR;
				GCC_WARN_UNDECLARED_SELECTOR = YES;
				GCC_WARN_UNINITIALIZED_AUTOS = YES_AGGRESSIVE;
				GCC_WARN_UNUSED_FUNCTION = YES;
				GCC_WARN_UNUSED_VARIABLE = YES;
				IPHONEOS_DEPLOYMENT_TARGET = 15.0;
				LOCALIZATION_PREFERS_STRING_CATALOGS = YES;
				MTL_ENABLE_DEBUG_INFO = INCLUDE_SOURCE;
				MTL_FAST_MATH = YES;
				ONLY_ACTIVE_ARCH = YES;
				SDKROOT = iphoneos;
				SWIFT_ACTIVE_COMPILATION_CONDITIONS = DEBUG;
				SWIFT_OPTIMIZATION_LEVEL = "-Onone";
			};
			name = Debug;
		};
		63F806C62A59ACCD00135630 /* Release */ = {
			isa = XCBuildConfiguration;
			buildSettings = {
				ALWAYS_SEARCH_USER_PATHS = NO;
				ASSETCATALOG_COMPILER_GENERATE_SWIFT_ASSET_SYMBOL_EXTENSIONS = YES;
				CLANG_ANALYZER_LOCALIZABILITY_NONLOCALIZED = YES;
				CLANG_ANALYZER_NONNULL = YES;
				CLANG_ANALYZER_NUMBER_OBJECT_CONVERSION = YES_AGGRESSIVE;
				CLANG_CXX_LANGUAGE_STANDARD = "gnu++20";
				CLANG_ENABLE_MODULES = YES;
				CLANG_ENABLE_OBJC_ARC = YES;
				CLANG_ENABLE_OBJC_WEAK = YES;
				CLANG_WARN_BLOCK_CAPTURE_AUTORELEASING = YES;
				CLANG_WARN_BOOL_CONVERSION = YES;
				CLANG_WARN_COMMA = YES;
				CLANG_WARN_CONSTANT_CONVERSION = YES;
				CLANG_WARN_DEPRECATED_OBJC_IMPLEMENTATIONS = YES;
				CLANG_WARN_DIRECT_OBJC_ISA_USAGE = YES_ERROR;
				CLANG_WARN_DOCUMENTATION_COMMENTS = YES;
				CLANG_WARN_EMPTY_BODY = YES;
				CLANG_WARN_ENUM_CONVERSION = YES;
				CLANG_WARN_INFINITE_RECURSION = YES;
				CLANG_WARN_INT_CONVERSION = YES;
				CLANG_WARN_NON_LITERAL_NULL_CONVERSION = YES;
				CLANG_WARN_OBJC_IMPLICIT_RETAIN_SELF = YES;
				CLANG_WARN_OBJC_LITERAL_CONVERSION = YES;
				CLANG_WARN_OBJC_ROOT_CLASS = YES_ERROR;
				CLANG_WARN_QUOTED_INCLUDE_IN_FRAMEWORK_HEADER = YES;
				CLANG_WARN_RANGE_LOOP_ANALYSIS = YES;
				CLANG_WARN_STRICT_PROTOTYPES = YES;
				CLANG_WARN_SUSPICIOUS_MOVE = YES;
				CLANG_WARN_UNGUARDED_AVAILABILITY = YES_AGGRESSIVE;
				CLANG_WARN_UNREACHABLE_CODE = YES;
				CLANG_WARN__DUPLICATE_METHOD_MATCH = YES;
				COPY_PHASE_STRIP = NO;
				DEBUG_INFORMATION_FORMAT = "dwarf-with-dsym";
				ENABLE_NS_ASSERTIONS = NO;
				ENABLE_STRICT_OBJC_MSGSEND = YES;
				GCC_C_LANGUAGE_STANDARD = gnu11;
				GCC_NO_COMMON_BLOCKS = YES;
				GCC_WARN_64_TO_32_BIT_CONVERSION = YES;
				GCC_WARN_ABOUT_RETURN_TYPE = YES_ERROR;
				GCC_WARN_UNDECLARED_SELECTOR = YES;
				GCC_WARN_UNINITIALIZED_AUTOS = YES_AGGRESSIVE;
				GCC_WARN_UNUSED_FUNCTION = YES;
				GCC_WARN_UNUSED_VARIABLE = YES;
				IPHONEOS_DEPLOYMENT_TARGET = 15.0;
				LOCALIZATION_PREFERS_STRING_CATALOGS = YES;
				MTL_ENABLE_DEBUG_INFO = NO;
				MTL_FAST_MATH = YES;
				SDKROOT = iphoneos;
				SWIFT_COMPILATION_MODE = wholemodule;
				SWIFT_OPTIMIZATION_LEVEL = "-O";
				VALIDATE_PRODUCT = YES;
			};
			name = Release;
		};
		63F806C82A59ACCD00135630 /* Debug */ = {
			isa = XCBuildConfiguration;
			buildSettings = {
				ASSETCATALOG_COMPILER_APPICON_NAME = AppIcon;
				ASSETCATALOG_COMPILER_GLOBAL_ACCENT_COLOR_NAME = AccentColor;
				CODE_SIGN_ENTITLEMENTS = moontake/moontake.entitlements;
				CODE_SIGN_STYLE = Automatic;
				CURRENT_PROJECT_VERSION = 1;
				DEVELOPMENT_TEAM = KKQQQNKMM6;
				GENERATE_INFOPLIST_FILE = YES;
				INFOPLIST_FILE = moontake/Info.plist;
				INFOPLIST_KEY_ITSAppUsesNonExemptEncryption = NO;
				INFOPLIST_KEY_LSApplicationCategoryType = "public.app-category.photography";
				INFOPLIST_KEY_NSCameraUsageDescription = "Allow access to the camera to take photos with moontake";
				INFOPLIST_KEY_NSLocationWhenInUseUsageDescription = "Allow location access to find the Moon and, when enabled, add GPS coordinates to your photos.";
				INFOPLIST_KEY_NSMotionUsageDescription = "Use device motion and the compass to guide your camera toward the Moon.";
				INFOPLIST_KEY_NSPhotoLibraryAddUsageDescription = "Allow access to photo library to save photos to your photo library directly when using moontake";
				INFOPLIST_KEY_UIApplicationSupportsIndirectInputEvents = YES;
				INFOPLIST_KEY_UILaunchStoryboardName = LaunchScreen;
				INFOPLIST_KEY_UIMainStoryboardFile = "";
				INFOPLIST_KEY_UIRequiresFullScreen = YES;
				INFOPLIST_KEY_UISupportedInterfaceOrientations = UIInterfaceOrientationPortrait;
				IPHONEOS_DEPLOYMENT_TARGET = 15.0;
				LD_RUNPATH_SEARCH_PATHS = (
					"$(inherited)",
					"@executable_path/Frameworks",
				);
				MARKETING_VERSION = 2.4.0;
				PRODUCT_BUNDLE_IDENTIFIER = com.zizicici.moontake;
				PRODUCT_NAME = "$(TARGET_NAME)";
				SUPPORTED_PLATFORMS = "iphoneos iphonesimulator";
				SUPPORTS_MACCATALYST = NO;
				SUPPORTS_MAC_DESIGNED_FOR_IPHONE_IPAD = NO;
				SWIFT_EMIT_LOC_STRINGS = YES;
				SWIFT_VERSION = 5.0;
				TARGETED_DEVICE_FAMILY = "1,2";
			};
			name = Debug;
		};
		63F806C92A59ACCD00135630 /* Release */ = {
			isa = XCBuildConfiguration;
			buildSettings = {
				ASSETCATALOG_COMPILER_APPICON_NAME = AppIcon;
				ASSETCATALOG_COMPILER_GLOBAL_ACCENT_COLOR_NAME = AccentColor;
				CODE_SIGN_ENTITLEMENTS = moontake/moontake.entitlements;
				CODE_SIGN_STYLE = Automatic;
				CURRENT_PROJECT_VERSION = 1;
				DEVELOPMENT_TEAM = KKQQQNKMM6;
				GENERATE_INFOPLIST_FILE = YES;
				INFOPLIST_FILE = moontake/Info.plist;
				INFOPLIST_KEY_ITSAppUsesNonExemptEncryption = NO;
				INFOPLIST_KEY_LSApplicationCategoryType = "public.app-category.photography";
				INFOPLIST_KEY_NSCameraUsageDescription = "Allow access to the camera to take photos with moontake";
				INFOPLIST_KEY_NSLocationWhenInUseUsageDescription = "Allow location access to find the Moon and, when enabled, add GPS coordinates to your photos.";
				INFOPLIST_KEY_NSMotionUsageDescription = "Use device motion and the compass to guide your camera toward the Moon.";
				INFOPLIST_KEY_NSPhotoLibraryAddUsageDescription = "Allow access to photo library to save photos to your photo library directly when using moontake";
				INFOPLIST_KEY_UIApplicationSupportsIndirectInputEvents = YES;
				INFOPLIST_KEY_UILaunchStoryboardName = LaunchScreen;
				INFOPLIST_KEY_UIMainStoryboardFile = "";
				INFOPLIST_KEY_UIRequiresFullScreen = YES;
				INFOPLIST_KEY_UISupportedInterfaceOrientations = UIInterfaceOrientationPortrait;
				IPHONEOS_DEPLOYMENT_TARGET = 15.0;
				LD_RUNPATH_SEARCH_PATHS = (
					"$(inherited)",
					"@executable_path/Frameworks",
				);
				MARKETING_VERSION = 2.4.0;
				PRODUCT_BUNDLE_IDENTIFIER = com.zizicici.moontake;
				PRODUCT_NAME = "$(TARGET_NAME)";
				SUPPORTED_PLATFORMS = "iphoneos iphonesimulator";
				SUPPORTS_MACCATALYST = NO;
				SUPPORTS_MAC_DESIGNED_FOR_IPHONE_IPAD = NO;
				SWIFT_EMIT_LOC_STRINGS = YES;
				SWIFT_VERSION = 5.0;
				TARGETED_DEVICE_FAMILY = "1,2";
			};
			name = Release;
		};
		63F806CB2A59ACCD00135630 /* Debug */ = {
			isa = XCBuildConfiguration;
			buildSettings = {
				BUNDLE_LOADER = "$(TEST_HOST)";
				CODE_SIGN_STYLE = Automatic;
				CURRENT_PROJECT_VERSION = 1;
				DEVELOPMENT_TEAM = KKQQQNKMM6;
				GENERATE_INFOPLIST_FILE = YES;
				IPHONEOS_DEPLOYMENT_TARGET = 16.4;
				MARKETING_VERSION = 1.0;
				PRODUCT_BUNDLE_IDENTIFIER = com.zizicici.moontakeTests;
				PRODUCT_NAME = "$(TARGET_NAME)";
				SWIFT_EMIT_LOC_STRINGS = NO;
				SWIFT_VERSION = 5.0;
				TARGETED_DEVICE_FAMILY = "1,2";
				TEST_HOST = "$(BUILT_PRODUCTS_DIR)/moontake.app/$(BUNDLE_EXECUTABLE_FOLDER_PATH)/moontake";
			};
			name = Debug;
		};
		63F806CC2A59ACCD00135630 /* Release */ = {
			isa = XCBuildConfiguration;
			buildSettings = {
				BUNDLE_LOADER = "$(TEST_HOST)";
				CODE_SIGN_STYLE = Automatic;
				CURRENT_PROJECT_VERSION = 1;
				DEVELOPMENT_TEAM = KKQQQNKMM6;
				GENERATE_INFOPLIST_FILE = YES;
				IPHONEOS_DEPLOYMENT_TARGET = 16.4;
				MARKETING_VERSION = 1.0;
				PRODUCT_BUNDLE_IDENTIFIER = com.zizicici.moontakeTests;
				PRODUCT_NAME = "$(TARGET_NAME)";
				SWIFT_EMIT_LOC_STRINGS = NO;
				SWIFT_VERSION = 5.0;
				TARGETED_DEVICE_FAMILY = "1,2";
				TEST_HOST = "$(BUILT_PRODUCTS_DIR)/moontake.app/$(BUNDLE_EXECUTABLE_FOLDER_PATH)/moontake";
			};
			name = Release;
		};
		63F806CE2A59ACCD00135630 /* Debug */ = {
			isa = XCBuildConfiguration;
			buildSettings = {
				CODE_SIGN_STYLE = Automatic;
				CURRENT_PROJECT_VERSION = 1;
				DEVELOPMENT_TEAM = KKQQQNKMM6;
				GENERATE_INFOPLIST_FILE = YES;
				MARKETING_VERSION = 1.0;
				PRODUCT_BUNDLE_IDENTIFIER = com.zizicici.moontakeUITests;
				PRODUCT_NAME = "$(TARGET_NAME)";
				SWIFT_EMIT_LOC_STRINGS = NO;
				SWIFT_VERSION = 5.0;
				TARGETED_DEVICE_FAMILY = "1,2";
				TEST_TARGET_NAME = moontake;
			};
			name = Debug;
		};
		63F806CF2A59ACCD00135630 /* Release */ = {
			isa = XCBuildConfiguration;
			buildSettings = {
				CODE_SIGN_STYLE = Automatic;
				CURRENT_PROJECT_VERSION = 1;
				DEVELOPMENT_TEAM = KKQQQNKMM6;
				GENERATE_INFOPLIST_FILE = YES;
				MARKETING_VERSION = 1.0;
				PRODUCT_BUNDLE_IDENTIFIER = com.zizicici.moontakeUITests;
				PRODUCT_NAME = "$(TARGET_NAME)";
				SWIFT_EMIT_LOC_STRINGS = NO;
				SWIFT_VERSION = 5.0;
				TARGETED_DEVICE_FAMILY = "1,2";
				TEST_TARGET_NAME = moontake;
			};
			name = Release;
		};
		BA0922000000000000000010 /* Debug */ = {
			isa = XCBuildConfiguration;
			buildSettings = {
				APPLICATION_EXTENSION_API_ONLY = YES;
				CODE_SIGN_ENTITLEMENTS = AssetDownloader/AssetDownloader.entitlements;
				CODE_SIGN_STYLE = Automatic;
				CURRENT_PROJECT_VERSION = 1;
				DEVELOPMENT_TEAM = KKQQQNKMM6;
				GENERATE_INFOPLIST_FILE = YES;
				INFOPLIST_FILE = AssetDownloader/Info.plist;
				IPHONEOS_DEPLOYMENT_TARGET = 26.0;
				LD_RUNPATH_SEARCH_PATHS = (
					"$(inherited)",
					"@executable_path/Frameworks",
					"@executable_path/../../Frameworks",
				);
				MARKETING_VERSION = 2.4.0;
				PRODUCT_BUNDLE_IDENTIFIER = com.zizicici.moontake.AssetDownloader;
				PRODUCT_NAME = "$(TARGET_NAME)";
				SDKROOT = iphoneos;
				SKIP_INSTALL = YES;
				SUPPORTED_PLATFORMS = "iphoneos iphonesimulator";
				SUPPORTS_MACCATALYST = NO;
				SWIFT_VERSION = 5.0;
				TARGETED_DEVICE_FAMILY = "1,2";
			};
			name = Debug;
		};
		BA0922000000000000000011 /* Release */ = {
			isa = XCBuildConfiguration;
			buildSettings = {
				APPLICATION_EXTENSION_API_ONLY = YES;
				CODE_SIGN_ENTITLEMENTS = AssetDownloader/AssetDownloader.entitlements;
				CODE_SIGN_STYLE = Automatic;
				CURRENT_PROJECT_VERSION = 1;
				DEVELOPMENT_TEAM = KKQQQNKMM6;
				GENERATE_INFOPLIST_FILE = YES;
				INFOPLIST_FILE = AssetDownloader/Info.plist;
				IPHONEOS_DEPLOYMENT_TARGET = 26.0;
				LD_RUNPATH_SEARCH_PATHS = (
					"$(inherited)",
					"@executable_path/Frameworks",
					"@executable_path/../../Frameworks",
				);
				MARKETING_VERSION = 2.4.0;
				PRODUCT_BUNDLE_IDENTIFIER = com.zizicici.moontake.AssetDownloader;
				PRODUCT_NAME = "$(TARGET_NAME)";
				SDKROOT = iphoneos;
				SKIP_INSTALL = YES;
				SUPPORTED_PLATFORMS = "iphoneos iphonesimulator";
				SUPPORTS_MACCATALYST = NO;
				SWIFT_VERSION = 5.0;
				TARGETED_DEVICE_FAMILY = "1,2";
			};
			name = Release;
		};
/* End XCBuildConfiguration section */

/* Begin XCConfigurationList section */
		63F806982A59ACCC00135630 /* Build configuration list for PBXProject "moontake" */ = {
			isa = XCConfigurationList;
			buildConfigurations = (
				63F806C52A59ACCD00135630 /* Debug */,
				63F806C62A59ACCD00135630 /* Release */,
			);
			defaultConfigurationIsVisible = 0;
			defaultConfigurationName = Release;
		};
		63F806C72A59ACCD00135630 /* Build configuration list for PBXNativeTarget "moontake" */ = {
			isa = XCConfigurationList;
			buildConfigurations = (
				63F806C82A59ACCD00135630 /* Debug */,
				63F806C92A59ACCD00135630 /* Release */,
			);
			defaultConfigurationIsVisible = 0;
			defaultConfigurationName = Release;
		};
		63F806CA2A59ACCD00135630 /* Build configuration list for PBXNativeTarget "moontakeTests" */ = {
			isa = XCConfigurationList;
			buildConfigurations = (
				63F806CB2A59ACCD00135630 /* Debug */,
				63F806CC2A59ACCD00135630 /* Release */,
			);
			defaultConfigurationIsVisible = 0;
			defaultConfigurationName = Release;
		};
		63F806CD2A59ACCD00135630 /* Build configuration list for PBXNativeTarget "moontakeUITests" */ = {
			isa = XCConfigurationList;
			buildConfigurations = (
				63F806CE2A59ACCD00135630 /* Debug */,
				63F806CF2A59ACCD00135630 /* Release */,
			);
			defaultConfigurationIsVisible = 0;
			defaultConfigurationName = Release;
		};
		BA092200000000000000000F /* Build configuration list for PBXNativeTarget "AssetDownloader" */ = {
			isa = XCConfigurationList;
			buildConfigurations = (
				BA0922000000000000000010 /* Debug */,
				BA0922000000000000000011 /* Release */,
			);
			defaultConfigurationIsVisible = 0;
			defaultConfigurationName = Release;
		};
/* End XCConfigurationList section */

/* Begin XCLocalSwiftPackageReference section */
		AF0922020000000000000003 /* XCLocalSwiftPackageReference "../SkyKit" */ = {
			isa = XCLocalSwiftPackageReference;
			relativePath = ../SkyKit;
		};
/* End XCLocalSwiftPackageReference section */

/* Begin XCRemoteSwiftPackageReference section */
		141F38D62C9968DF00347225 /* XCRemoteSwiftPackageReference "GRDB" */ = {
			isa = XCRemoteSwiftPackageReference;
			repositoryURL = "https://github.com/groue/GRDB.swift";
			requirement = {
				kind = upToNextMajorVersion;
				minimumVersion = 6.29.0;
			};
		};
		1447C23B2E8B992800CCE53B /* XCRemoteSwiftPackageReference "AppInfo" */ = {
			isa = XCRemoteSwiftPackageReference;
			repositoryURL = "https://github.com/zizicici/AppInfo";
			requirement = {
				kind = upToNextMajorVersion;
				minimumVersion = 1.2.0;
			};
		};
		14D3C57B2C4277BA004BAB85 /* XCRemoteSwiftPackageReference "Kingfisher" */ = {
			isa = XCRemoteSwiftPackageReference;
			repositoryURL = "https://github.com/onevcat/Kingfisher";
			requirement = {
				kind = upToNextMajorVersion;
				minimumVersion = 7.12.0;
			};
		};
		14D3C57E2C43A63F004BAB85 /* XCRemoteSwiftPackageReference "ZCCalendar" */ = {
			isa = XCRemoteSwiftPackageReference;
			repositoryURL = "https://github.com/zizicici/ZCCalendar";
			requirement = {
				kind = upToNextMajorVersion;
				minimumVersion = 0.1.0;
			};
		};
		14F0A0032F0A000100AA0001 /* XCRemoteSwiftPackageReference "MoreKit" */ = {
			isa = XCRemoteSwiftPackageReference;
			repositoryURL = "https://github.com/zizicici/MoreKit";
			requirement = {
				kind = upToNextMajorVersion;
				minimumVersion = 2.0.1;
			};
		};
		6306D0562AA0913A003B3A23 /* XCRemoteSwiftPackageReference "Toast-Swift" */ = {
			isa = XCRemoteSwiftPackageReference;
			repositoryURL = "https://github.com/scalessec/Toast-Swift";
			requirement = {
				kind = upToNextMajorVersion;
				minimumVersion = 5.0.0;
			};
		};
		63F806D22A59BA8E00135630 /* XCRemoteSwiftPackageReference "SnapKit" */ = {
			isa = XCRemoteSwiftPackageReference;
			repositoryURL = "https://github.com/SnapKit/SnapKit.git";
			requirement = {
				kind = upToNextMajorVersion;
				minimumVersion = 5.0.0;
			};
		};
/* End XCRemoteSwiftPackageReference section */

/* Begin XCSwiftPackageProductDependency section */
		141F38D72C9968DF00347225 /* GRDB */ = {
			isa = XCSwiftPackageProductDependency;
			package = 141F38D62C9968DF00347225 /* XCRemoteSwiftPackageReference "GRDB" */;
			productName = GRDB;
		};
		1447C23C2E8B992800CCE53B /* AppInfo */ = {
			isa = XCSwiftPackageProductDependency;
			package = 1447C23B2E8B992800CCE53B /* XCRemoteSwiftPackageReference "AppInfo" */;
			productName = AppInfo;
		};
		14D3C57C2C4277BA004BAB85 /* Kingfisher */ = {
			isa = XCSwiftPackageProductDependency;
			package = 14D3C57B2C4277BA004BAB85 /* XCRemoteSwiftPackageReference "Kingfisher" */;
			productName = Kingfisher;
		};
		14D3C57F2C43A63F004BAB85 /* ZCCalendar */ = {
			isa = XCSwiftPackageProductDependency;
			package = 14D3C57E2C43A63F004BAB85 /* XCRemoteSwiftPackageReference "ZCCalendar" */;
			productName = ZCCalendar;
		};
		14F0A0022F0A000100AA0001 /* MoreKit */ = {
			isa = XCSwiftPackageProductDependency;
			package = 14F0A0032F0A000100AA0001 /* XCRemoteSwiftPackageReference "MoreKit" */;
			productName = MoreKit;
		};
		6306D0572AA0913A003B3A23 /* Toast */ = {
			isa = XCSwiftPackageProductDependency;
			package = 6306D0562AA0913A003B3A23 /* XCRemoteSwiftPackageReference "Toast-Swift" */;
			productName = Toast;
		};
		63F806D32A59BA8E00135630 /* SnapKit */ = {
			isa = XCSwiftPackageProductDependency;
			package = 63F806D22A59BA8E00135630 /* XCRemoteSwiftPackageReference "SnapKit" */;
			productName = SnapKit;
		};
		AF0922020000000000000002 /* SkyKit */ = {
			isa = XCSwiftPackageProductDependency;
			package = AF0922020000000000000003 /* XCLocalSwiftPackageReference "../SkyKit" */;
			productName = SkyKit;
		};
/* End XCSwiftPackageProductDependency section */
	};
	rootObject = 63F806952A59ACCC00135630 /* Project object */;
}
